
Microsoft Visual Studio Solution File, Format Version 12.00
# Visual Studio Version 16
VisualStudioVersion = 16.0.31105.61
MinimumVisualStudioVersion = 10.0.40219.1
Project("{FAE04EC0-301F-11D3-BF4B-00C04F79EFBC}") = "Ejercicio15", "Ejercicio15\Ejercicio15.csproj", "{FCC6E6F0-DC3D-42FA-9616-BF185A87C5E3}"
EndProject
Global
	GlobalSection(SolutionConfigurationPlatforms) = preSolution
		Debug|Any CPU = Debug|Any CPU
		Release|Any CPU = Release|Any CPU
	EndGlobalSection
	GlobalSection(ProjectConfigurationPlatforms) = postSolution
		{FCC6E6F0-DC3D-42FA-9616-BF185A87C5E3}.Debug|Any CPU.ActiveCfg = Debug|Any CPU
		{FCC6E6F0-DC3D-42FA-9616-BF185A87C5E3}.Debug|Any CPU.Build.0 = Debug|Any CPU
		{FCC6E6F0-DC3D-42FA-9616-BF185A87C5E3}.Release|Any CPU.ActiveCfg = Release|Any CPU
		{FCC6E6F0-DC3D-42FA-9616-BF185A87C5E3}.Release|Any CPU.Build.0 = Release|Any CPU
	EndGlobalSection
	GlobalSection(SolutionProperties) = preSolution
		HideSolutionNode = FALSE
	EndGlobalSection
	GlobalSection(ExtensibilityGlobals) = postSolution
		SolutionGuid = {94D664CC-5212-4BE7-AC4F-C83E25CDAB55}
	EndGlobalSection
EndGlobal
